{
  "projects": [
    {
      "projectId": "ohDidvG9XsCeFumugENU3J",
      "version": "4.13.1",
      "dependencies": {},
      "lang": "ts",
      "fileLocks": [
        {
          "assetId": "ohDidvG9XsCeFumugENU3J",
          "type": "projectCss",
          "checksum": "fd83b730367fdbde2c69bc6cf31c2a3c"
        },
        {
          "assetId": "ohDidvG9XsCeFumugENU3J",
          "checksum": "8f45a75070e2f0edc34a4dc3d5f6b736",
          "type": "globalContexts"
        }
      ],
      "codegenVersion": "0.0.1"
    },
    {
      "projectId": "xsZMHztzDFATfur1s6fDND",
      "version": "latest",
      "dependencies": {
        "ohDidvG9XsCeFumugENU3J": "4.13.1"
      },
      "lang": "ts",
      "fileLocks": [
        {
          "type": "globalVariant",
          "assetId": "d2JXBvsegxLD",
          "checksum": "907e71ce7f3960049994893c0fa04fc5"
        },
        {
          "assetId": "xsZMHztzDFATfur1s6fDND",
          "type": "projectCss",
          "checksum": "e6b66192d10029ac803fe95421511a5a"
        },
        {
          "assetId": "xsZMHztzDFATfur1s6fDND",
          "checksum": "902682ccbb66c4f6daee1c3dc573b95c",
          "type": "globalContexts"
        },
        {
          "type": "renderModule",
          "assetId": "m3Zw2CDSC7V",
          "checksum": "5031492802611da3b1fdbce3a269287f"
        },
        {
          "type": "cssRules",
          "assetId": "m3Zw2CDSC7V",
          "checksum": "5031492802611da3b1fdbce3a269287f"
        },
        {
          "type": "renderModule",
          "assetId": "vH74q5W3yUX",
          "checksum": "8d140b64daeaba07537f32b9b58a50fd"
        },
        {
          "type": "cssRules",
          "assetId": "vH74q5W3yUX",
          "checksum": "8d140b64daeaba07537f32b9b58a50fd"
        },
        {
          "type": "renderModule",
          "assetId": "u8qWq0KyHYc",
          "checksum": "1264b8bf3e963ab3442012952aaca033"
        },
        {
          "type": "cssRules",
          "assetId": "u8qWq0KyHYc",
          "checksum": "1264b8bf3e963ab3442012952aaca033"
        },
        {
          "type": "renderModule",
          "assetId": "3VNBKYSN1DZ",
          "checksum": "b8dfdf263a0f1dcaa53bde4c1b505cac"
        },
        {
          "type": "cssRules",
          "assetId": "3VNBKYSN1DZ",
          "checksum": "b8dfdf263a0f1dcaa53bde4c1b505cac"
        },
        {
          "type": "renderModule",
          "assetId": "Dw6bZclG489",
          "checksum": "e03178010928151dcd76c10e4415de2e"
        },
        {
          "type": "cssRules",
          "assetId": "Dw6bZclG489",
          "checksum": "e03178010928151dcd76c10e4415de2e"
        },
        {
          "type": "renderModule",
          "assetId": "WknlrgHi0ZzB",
          "checksum": "561ef0972d3b655788827074fd74d1d3"
        },
        {
          "type": "cssRules",
          "assetId": "WknlrgHi0ZzB",
          "checksum": "561ef0972d3b655788827074fd74d1d3"
        },
        {
          "type": "renderModule",
          "assetId": "4DF1NkMz2JeL",
          "checksum": "dfbc282c986a71fb910a2b1da7ec5550"
        },
        {
          "type": "cssRules",
          "assetId": "4DF1NkMz2JeL",
          "checksum": "dfbc282c986a71fb910a2b1da7ec5550"
        },
        {
          "type": "renderModule",
          "assetId": "SlN1_VGqK84p",
          "checksum": "32238ed84fa4a4e9fc3d5a5e102f1742"
        },
        {
          "type": "cssRules",
          "assetId": "SlN1_VGqK84p",
          "checksum": "32238ed84fa4a4e9fc3d5a5e102f1742"
        },
        {
          "type": "renderModule",
          "assetId": "S1wj2SrilKh7",
          "checksum": "5f87e24a2b952ce9020d23348565b157"
        },
        {
          "type": "cssRules",
          "assetId": "S1wj2SrilKh7",
          "checksum": "5f87e24a2b952ce9020d23348565b157"
        },
        {
          "type": "renderModule",
          "assetId": "DBmKvM7iMaxz",
          "checksum": "9dafc49532cdcd4d06877959cf35a541"
        },
        {
          "type": "cssRules",
          "assetId": "DBmKvM7iMaxz",
          "checksum": "9dafc49532cdcd4d06877959cf35a541"
        },
        {
          "type": "renderModule",
          "assetId": "XvrK_e4_7sn9",
          "checksum": "015ab48fe545de4bcb13f8a480c20552"
        },
        {
          "type": "cssRules",
          "assetId": "XvrK_e4_7sn9",
          "checksum": "015ab48fe545de4bcb13f8a480c20552"
        },
        {
          "type": "renderModule",
          "assetId": "lyFcBxjEhrMn",
          "checksum": "20bcffc370e68bd15c281e6c89d39cec"
        },
        {
          "type": "cssRules",
          "assetId": "lyFcBxjEhrMn",
          "checksum": "20bcffc370e68bd15c281e6c89d39cec"
        },
        {
          "type": "renderModule",
          "assetId": "X5tzWYOKYi5K",
          "checksum": "bf24398747fe6b5d28d099becb055877"
        },
        {
          "type": "cssRules",
          "assetId": "X5tzWYOKYi5K",
          "checksum": "bf24398747fe6b5d28d099becb055877"
        },
        {
          "type": "renderModule",
          "assetId": "ufvVGZCc-vcS",
          "checksum": "e60f0d0587c3f6b01d28813d99c1caa8"
        },
        {
          "type": "cssRules",
          "assetId": "ufvVGZCc-vcS",
          "checksum": "e60f0d0587c3f6b01d28813d99c1caa8"
        },
        {
          "type": "renderModule",
          "assetId": "fe4T6yj4tL0k",
          "checksum": "2087e6a54bbb2b830b9b3819b1cf881b"
        },
        {
          "type": "cssRules",
          "assetId": "fe4T6yj4tL0k",
          "checksum": "2087e6a54bbb2b830b9b3819b1cf881b"
        },
        {
          "type": "renderModule",
          "assetId": "YmsGCxS5d2G4",
          "checksum": "f73f5438e76be1ce686109f5d0d7db79"
        },
        {
          "type": "cssRules",
          "assetId": "YmsGCxS5d2G4",
          "checksum": "f73f5438e76be1ce686109f5d0d7db79"
        },
        {
          "type": "renderModule",
          "assetId": "-EtdPS04g7nw",
          "checksum": "97cff62ca341ed0bd1e4215737f7a393"
        },
        {
          "type": "cssRules",
          "assetId": "-EtdPS04g7nw",
          "checksum": "97cff62ca341ed0bd1e4215737f7a393"
        },
        {
          "type": "renderModule",
          "assetId": "nmqOH5ZNvK36",
          "checksum": "d5343d2810601a2bd8d519aa7933f9c1"
        },
        {
          "type": "cssRules",
          "assetId": "nmqOH5ZNvK36",
          "checksum": "d5343d2810601a2bd8d519aa7933f9c1"
        },
        {
          "type": "renderModule",
          "assetId": "_h_EwDMNM90b",
          "checksum": "8108c502b34f1788e57f2ff91571e117"
        },
        {
          "type": "cssRules",
          "assetId": "_h_EwDMNM90b",
          "checksum": "8108c502b34f1788e57f2ff91571e117"
        },
        {
          "type": "renderModule",
          "assetId": "ooA2dd1-Xl8Q",
          "checksum": "50d872bede5891f1b60738bc8af18dc5"
        },
        {
          "type": "cssRules",
          "assetId": "ooA2dd1-Xl8Q",
          "checksum": "50d872bede5891f1b60738bc8af18dc5"
        },
        {
          "type": "renderModule",
          "assetId": "FzDg8WCEpHdu",
          "checksum": "a4455556b6dcf1c393faee02b59c479c"
        },
        {
          "type": "cssRules",
          "assetId": "FzDg8WCEpHdu",
          "checksum": "a4455556b6dcf1c393faee02b59c479c"
        },
        {
          "type": "renderModule",
          "assetId": "dKRga7NIv6NJ",
          "checksum": "3b2a1fd385cf32aebfb5a0600b7c6e69"
        },
        {
          "type": "cssRules",
          "assetId": "dKRga7NIv6NJ",
          "checksum": "3b2a1fd385cf32aebfb5a0600b7c6e69"
        },
        {
          "type": "renderModule",
          "assetId": "WFBXIKLCmxzW",
          "checksum": "f96cab9dee995a47e6727881b465057c"
        },
        {
          "type": "cssRules",
          "assetId": "WFBXIKLCmxzW",
          "checksum": "f96cab9dee995a47e6727881b465057c"
        },
        {
          "type": "renderModule",
          "assetId": "NYJ8cj9LyOeF",
          "checksum": "7474c438e16cc727575747011c258ec3"
        },
        {
          "type": "cssRules",
          "assetId": "NYJ8cj9LyOeF",
          "checksum": "7474c438e16cc727575747011c258ec3"
        },
        {
          "type": "renderModule",
          "assetId": "ED37aDd-WXqw",
          "checksum": "60470faced65f3caa6e4cc0bd59627a0"
        },
        {
          "type": "cssRules",
          "assetId": "ED37aDd-WXqw",
          "checksum": "60470faced65f3caa6e4cc0bd59627a0"
        },
        {
          "type": "icon",
          "assetId": "q7U0PeZ56jhW",
          "checksum": "fd7fb5a8e1ecf5b1f2dda9c772fd50a8"
        },
        {
          "type": "icon",
          "assetId": "50aYXdf2efdU",
          "checksum": "94fa166b77f36d67b95f60b2bb57524a"
        },
        {
          "type": "icon",
          "assetId": "l7Jy-a2QBM_b",
          "checksum": "88fc28564c612350ad2ee9a1eee28960"
        },
        {
          "type": "icon",
          "assetId": "Xhix6QrJXUsg",
          "checksum": "b6097b6dd7fbaa66db747dda8113a72f"
        },
        {
          "type": "icon",
          "assetId": "6hNa7N1zoVZd",
          "checksum": "784beab9ef2b2597aabe417acac8979f"
        },
        {
          "type": "image",
          "assetId": "bRrfS1MKGzDk",
          "checksum": "28dfe5b0357c9b556505426ebca709a8"
        },
        {
          "type": "image",
          "assetId": "H6RUvsMoG_Eo",
          "checksum": "90ca47606d6a27aa50964ad44ca3fcae"
        },
        {
          "type": "image",
          "assetId": "uBS0y1LUuxlh",
          "checksum": "0c3922eb4349c49e15304360e5e2f84b"
        },
        {
          "type": "image",
          "assetId": "iLs3hmhSY2Df",
          "checksum": "f239a2139a9c9ecea3ecc0efae18192b"
        },
        {
          "type": "image",
          "assetId": "RXUzXgXbP8Nv",
          "checksum": "68bf8e959dae1ff83c1ca85512e6803c"
        },
        {
          "type": "image",
          "assetId": "vZR-H3FSZAL1",
          "checksum": "819d0e830bb70539ca829b9f69586197"
        },
        {
          "type": "image",
          "assetId": "sTgOKYzf21EC",
          "checksum": "038de924b6f84eff0ac8066dba24797a"
        },
        {
          "type": "image",
          "assetId": "B7KOylas4CO3",
          "checksum": "e99047853eb20c3c72a3f0b71e9e26b1"
        },
        {
          "type": "image",
          "assetId": "QCDnnRmBAtbE",
          "checksum": "6ad658cc5adc26357095cd34d41f66d6"
        },
        {
          "type": "image",
          "assetId": "mayQdgU-DytY",
          "checksum": "4fba168a0614fb1cabb8899b9b40fb6c"
        },
        {
          "type": "image",
          "assetId": "H9In8zZ3-FFS",
          "checksum": "4130f370711710f9872ab3351a91acf7"
        },
        {
          "type": "image",
          "assetId": "qIQ-Hqt5g8bJ",
          "checksum": "2c3a03bc3f96faa7a66d74a2bf996ca8"
        },
        {
          "type": "image",
          "assetId": "-Ce3KLlQ8S6y",
          "checksum": "450b63d669ceb3bfc75eedf42d277878"
        },
        {
          "type": "image",
          "assetId": "4py_3olJRuKo",
          "checksum": "da345dea0051889eba8654ac45cd5d25"
        },
        {
          "type": "image",
          "assetId": "dx4nUaANHHb0",
          "checksum": "3093ce8c2b8af18f21248478d47011f9"
        },
        {
          "type": "image",
          "assetId": "QD2YpVuPqWNj",
          "checksum": "43a337cb6619096df6d6f8648dc1cecd"
        },
        {
          "type": "image",
          "assetId": "JGOziGXG_hy7",
          "checksum": "c997605ba28d5ec92ebbeab5947a07c4"
        }
      ],
      "codegenVersion": "0.0.1"
    }
  ],
  "cliVersion": "0.1.306"
}
